// !$*UTF8*$!
{
	archiveVersion = 1;
	classes = {
	};
	objectVersion = 77;
	objects = {

/* Begin PBXBuildFile section */
		7E7B4D212EDD3AFD00C96EC2 /* Title.swift in Sources */ = {isa = PBXBuildFile; fileRef = 7E7B4D202EDD3AFD00C96EC2 /* Title.swift */; };
		7E7B4D232EDD3C4700C96EC2 /* APIConfig.json in Resources */ = {isa = PBXBuildFile; fileRef = 7E7B4D222EDD3C4700C96EC2 /* APIConfig.json */; };
		7E7B4D252EDD3C8300C96EC2 /* APIConfig.swift in Sources */ = {isa = PBXBuildFile; fileRef = 7E7B4D242EDD3C8300C96EC2 /* APIConfig.swift */; };
/* End PBXBuildFile section */

/* Begin PBXContainerItemProxy section */
		7ECD38FB2EDC69FE001C1D26 /* PBXContainerItemProxy */ = {
			isa = PBXContainerItemProxy;
			containerPortal = 7ECD38E52EDC69FC001C1D26 /* Project object */;
			proxyType = 1;
			remoteGlobalIDString = 7ECD38EC2EDC69FC001C1D26;
			remoteInfo = "Xcode Demo";
		};
		7ECD39052EDC69FE001C1D26 /* PBXContainerItemProxy */ = {
			isa = PBXContainerItemProxy;
			containerPortal = 7ECD38E52EDC69FC001C1D26 /* Project object */;
			proxyType = 1;
			remoteGlobalIDString = 7ECD38EC2EDC69FC001C1D26;
			remoteInfo = "Xcode Demo";
		};
/* End PBXContainerItemProxy section */

/* Begin PBXFileReference section */
		7E7B4D202EDD3AFD00C96EC2 /* Title.swift */ = {isa = PBXFileReference; lastKnownFileType = sourcecode.swift; path = Title.swift; sourceTree = "<group>"; };
		7E7B4D222EDD3C4700C96EC2 /* APIConfig.json */ = {isa = PBXFileReference; lastKnownFileType = text.json; path = APIConfig.json; sourceTree = "<group>"; };
		7E7B4D242EDD3C8300C96EC2 /* APIConfig.swift */ = {isa = PBXFileReference; lastKnownFileType = sourcecode.swift; path = APIConfig.swift; sourceTree = "<group>"; };
		7ECD38ED2EDC69FC001C1D26 /* Xcode Demo.app */ = {isa = PBXFileReference; explicitFileType = wrapper.application; includeInIndex = 0; path = "Xcode Demo.app"; sourceTree = BUILT_PRODUCTS_DIR; };
		7ECD38FA2EDC69FE001C1D26 /* Xcode DemoTests.xctest */ = {isa = PBXFileReference; explicitFileType = wrapper.cfbundle; includeInIndex = 0; path = "Xcode DemoTests.xctest"; sourceTree = BUILT_PRODUCTS_DIR; };
		7ECD39042EDC69FE001C1D26 /* Xcode DemoUITests.xctest */ = {isa = PBXFileReference; explicitFileType = wrapper.cfbundle; includeInIndex = 0; path = "Xcode DemoUITests.xctest"; sourceTree = BUILT_PRODUCTS_DIR; };
/* End PBXFileReference section */

/* Begin PBXFileSystemSynchronizedRootGroup section */
		7ECD38EF2EDC69FC001C1D26 /* Xcode Demo */ = {
			isa = PBXFileSystemSynchronizedRootGroup;
			path = "Xcode Demo";
			sourceTree = "<group>";
		};
		7ECD38FD2EDC69FE001C1D26 /* Xcode DemoTests */ = {
			isa = PBXFileSystemSynchronizedRootGroup;
			path = "Xcode DemoTests";
			sourceTree = "<group>";
		};
		7ECD39072EDC69FE001C1D26 /* Xcode DemoUITests */ = {
			isa = PBXFileSystemSynchronizedRootGroup;
			path = "Xcode DemoUITests";
			sourceTree = "<group>";
		};
/* End PBXFileSystemSynchronizedRootGroup section */

/* Begin PBXFrameworksBuildPhase section */
		7ECD38EA2EDC69FC001C1D26 /* Frameworks */ = {
			isa = PBXFrameworksBuildPhase;
			buildActionMask = 2147483647;
			files = (
			);
			runOnlyForDeploymentPostprocessing = 0;
		};
		7ECD38F72EDC69FE001C1D26 /* Frameworks */ = {
			isa = PBXFrameworksBuildPhase;
			buildActionMask = 2147483647;
			files = (
			);
			runOnlyForDeploymentPostprocessing = 0;
		};
		7ECD39012EDC69FE001C1D26 /* Frameworks */ = {
			isa = PBXFrameworksBuildPhase;
			buildActionMask = 2147483647;
			files = (
			);
			runOnlyForDeploymentPostprocessing = 0;
		};
/* End PBXFrameworksBuildPhase section */

/* Begin PBXGroup section */
		7ECD38E42EDC69FC001C1D26 = {
			isa = PBXGroup;
			children = (
				7E7B4D202EDD3AFD00C96EC2 /* Title.swift */,
				7E7B4D222EDD3C4700C96EC2 /* APIConfig.json */,
				7E7B4D242EDD3C8300C96EC2 /* APIConfig.swift */,
				7ECD38EF2EDC69FC001C1D26 /* Xcode Demo */,
				7ECD38FD2EDC69FE001C1D26 /* Xcode DemoTests */,
				7ECD39072EDC69FE001C1D26 /* Xcode DemoUITests */,
				7ECD38EE2EDC69FC001C1D26 /* Products */,
			);
			sourceTree = "<group>";
		};
		7ECD38EE2EDC69FC001C1D26 /* Products */ = {
			isa = PBXGroup;
			children = (
				7ECD38ED2EDC69FC001C1D26 /* Xcode Demo.app */,
				7ECD38FA2EDC69FE001C1D26 /* Xcode DemoTests.xctest */,
				7ECD39042EDC69FE001C1D26 /* Xcode DemoUITests.xctest */,
			);
			name = Products;
			sourceTree = "<group>";
		};
/* End PBXGroup section */

/* Begin PBXNativeTarget section */
		7ECD38EC2EDC69FC001C1D26 /* Xcode Demo */ = {
			isa = PBXNativeTarget;
			buildConfigurationList = 7ECD390E2EDC69FE001C1D26 /* Build configuration list for PBXNativeTarget "Xcode Demo" */;
			buildPhases = (
				7ECD38E92EDC69FC001C1D26 /* Sources */,
				7ECD38EA2EDC69FC001C1D26 /* Frameworks */,
				7ECD38EB2EDC69FC001C1D26 /* Resources */,
			);
			buildRules = (
			);
			dependencies = (
			);
			fileSystemSynchronizedGroups = (
				7ECD38EF2EDC69FC001C1D26 /* Xcode Demo */,
			);
			name = "Xcode Demo";
			packageProductDependencies = (
			);
			productName = "Xcode Demo";
			productReference = 7ECD38ED2EDC69FC001C1D26 /* Xcode Demo.app */;
			productType = "com.apple.product-type.application";
		};
		7ECD38F92EDC69FE001C1D26 /* Xcode DemoTests */ = {
			isa = PBXNativeTarget;
			buildConfigurationList = 7ECD39112EDC69FE001C1D26 /* Build configuration list for PBXNativeTarget "Xcode DemoTests" */;
			buildPhases = (
				7ECD38F62EDC69FE001C1D26 /* Sources */,
				7ECD38F72EDC69FE001C1D26 /* Frameworks */,
				7ECD38F82EDC69FE001C1D26 /* Resources */,
			);
			buildRules = (
			);
			dependencies = (
				7ECD38FC2EDC69FE001C1D26 /* PBXTargetDependency */,
			);
			fileSystemSynchronizedGroups = (
				7ECD38FD2EDC69FE001C1D26 /* Xcode DemoTests */,
			);
			name = "Xcode DemoTests";
			packageProductDependencies = (
			);
			productName = "Xcode DemoTests";
			productReference = 7ECD38FA2EDC69FE001C1D26 /* Xcode DemoTests.xctest */;
			productType = "com.apple.product-type.bundle.unit-test";
		};
		7ECD39032EDC69FE001C1D26 /* Xcode DemoUITests */ = {
			isa = PBXNativeTarget;
			buildConfigurationList = 7ECD39142EDC69FE001C1D26 /* Build configuration list for PBXNativeTarget "Xcode DemoUITests" */;
			buildPhases = (
				7ECD39002EDC69FE001C1D26 /* Sources */,
				7ECD39012EDC69FE001C1D26 /* Frameworks */,
				7ECD39022EDC69FE001C1D26 /* Resources */,
			);
			buildRules = (
			);
			dependencies = (
				7ECD39062EDC69FE001C1D26 /* PBXTargetDependency */,
			);
			fileSystemSynchronizedGroups = (
				7ECD39072EDC69FE001C1D26 /* Xcode DemoUITests */,
			);
			name = "Xcode DemoUITests";
			packageProductDependencies = (
			);
			productName = "Xcode DemoUITests";
			productReference = 7ECD39042EDC69FE001C1D26 /* Xcode DemoUITests.xctest */;
			productType = "com.apple.product-type.bundle.ui-testing";
		};
/* End PBXNativeTarget section */

/* Begin PBXProject section */
		7ECD38E52EDC69FC001C1D26 /* Project object */ = {
			isa = PBXProject;
			attributes = {
				BuildIndependentTargetsInParallel = 1;
				LastSwiftUpdateCheck = 1640;
				LastUpgradeCheck = 1640;
				TargetAttributes = {
					7ECD38EC2EDC69FC001C1D26 = {
						CreatedOnToolsVersion = 16.4;
					};
					7ECD38F92EDC69FE001C1D26 = {
						CreatedOnToolsVersion = 16.4;
						TestTargetID = 7ECD38EC2EDC69FC001C1D26;
					};
					7ECD39032EDC69FE001C1D26 = {
						CreatedOnToolsVersion = 16.4;
						TestTargetID = 7ECD38EC2EDC69FC001C1D26;
					};
				};
			};
			buildConfigurationList = 7ECD38E82EDC69FC001C1D26 /* Build configuration list for PBXProject "Xcode Demo" */;
			developmentRegion = en;
			hasScannedForEncodings = 0;
			knownRegions = (
				en,
				Base,
			);
			mainGroup = 7ECD38E42EDC69FC001C1D26;
			minimizedProjectReferenceProxies = 1;
			preferredProjectObjectVersion = 77;
			productRefGroup = 7ECD38EE2EDC69FC001C1D26 /* Products */;
			projectDirPath = "";
			projectRoot = "";
			targets = (
				7ECD38EC2EDC69FC001C1D26 /* Xcode Demo */,
				7ECD38F92EDC69FE001C1D26 /* Xcode DemoTests */,
				7ECD39032EDC69FE001C1D26 /* Xcode DemoUITests */,
			);
		};
/* End PBXProject section */

/* Begin PBXResourcesBuildPhase section */
		7ECD38EB2EDC69FC001C1D26 /* Resources */ = {
			isa = PBXResourcesBuildPhase;
			buildActionMask = 2147483647;
			files = (
				7E7B4D232EDD3C4700C96EC2 /* APIConfig.json in Resources */,
			);
			runOnlyForDeploymentPostprocessing = 0;
		};
		7ECD38F82EDC69FE001C1D26 /* Resources */ = {
			isa = PBXResourcesBuildPhase;
			buildActionMask = 2147483647;
			files = (
			);
			runOnlyForDeploymentPostprocessing = 0;
		};
		7ECD39022EDC69FE001C1D26 /* Resources */ = {
			isa = PBXResourcesBuildPhase;
			buildActionMask = 2147483647;
			files = (
			);
			runOnlyForDeploymentPostprocessing = 0;
		};
/* End PBXResourcesBuildPhase section */

/* Begin PBXSourcesBuildPhase section */
		7ECD38E92EDC69FC001C1D26 /* Sources */ = {
			isa = PBXSourcesBuildPhase;
			buildActionMask = 2147483647;
			files = (
				7E7B4D212EDD3AFD00C96EC2 /* Title.swift in Sources */,
				7E7B4D252EDD3C8300C96EC2 /* APIConfig.swift in Sources */,
			);
			runOnlyForDeploymentPostprocessing = 0;
		};
		7ECD38F62EDC69FE001C1D26 /* Sources */ = {
			isa = PBXSourcesBuildPhase;
			buildActionMask = 2147483647;
			files = (
			);
			runOnlyForDeploymentPostprocessing = 0;
		};
		7ECD39002EDC69FE001C1D26 /* Sources */ = {
			isa = PBXSourcesBuildPhase;
			buildActionMask = 2147483647;
			files = (
			);
			runOnlyForDeploymentPostprocessing = 0;
		};
/* End PBXSourcesBuildPhase section */

/* Begin PBXTargetDependency section */
		7ECD38FC2EDC69FE001C1D26 /* PBXTargetDependency */ = {
			isa = PBXTargetDependency;
			target = 7ECD38EC2EDC69FC001C1D26 /* Xcode Demo */;
			targetProxy = 7ECD38FB2EDC69FE001C1D26 /* PBXContainerItemProxy */;
		};
		7ECD39062EDC69FE001C1D26 /* PBXTargetDependency */ = {
			isa = PBXTargetDependency;
			target = 7ECD38EC2EDC69FC001C1D26 /* Xcode Demo */;
			targetProxy = 7ECD39052EDC69FE001C1D26 /* PBXContainerItemProxy */;
		};
/* End PBXTargetDependency section */

/* Begin XCBuildConfiguration section */
		7ECD390C2EDC69FE001C1D26 /* Debug */ = {
			isa = XCBuildConfiguration;
			buildSettings = {
				ALWAYS_SEARCH_USER_PATHS = NO;
				ASSETCATALOG_COMPILER_GENERATE_SWIFT_ASSET_SYMBOL_EXTENSIONS = YES;
				CLANG_ANALYZER_NONNULL = YES;
				CLANG_ANALYZER_NUMBER_OBJECT_CONVERSION = YES_AGGRESSIVE;
				CLANG_CXX_LANGUAGE_STANDARD = "gnu++20";
				CLANG_ENABLE_MODULES = YES;
				CLANG_ENABLE_OBJC_ARC = YES;
				CLANG_ENABLE_OBJC_WEAK = YES;
				CLANG_WARN_BLOCK_CAPTURE_AUTORELEASING = YES;
				CLANG_WARN_BOOL_CONVERSION = YES;
				CLANG_WARN_COMMA = YES;
				CLANG_WARN_CONSTANT_CONVERSION = YES;
				CLANG_WARN_DEPRECATED_OBJC_IMPLEMENTATIONS = YES;
				CLANG_WARN_DIRECT_OBJC_ISA_USAGE = YES_ERROR;
				CLANG_WARN_DOCUMENTATION_COMMENTS = YES;
				CLANG_WARN_EMPTY_BODY = YES;
				CLANG_WARN_ENUM_CONVERSION = YES;
				CLANG_WARN_INFINITE_RECURSION = YES;
				CLANG_WARN_INT_CONVERSION = YES;
				CLANG_WARN_NON_LITERAL_NULL_CONVERSION = YES;
				CLANG_WARN_OBJC_IMPLICIT_RETAIN_SELF = YES;
				CLANG_WARN_OBJC_LITERAL_CONVERSION = YES;
				CLANG_WARN_OBJC_ROOT_CLASS = YES_ERROR;
				CLANG_WARN_QUOTED_INCLUDE_IN_FRAMEWORK_HEADER = YES;
				CLANG_WARN_RANGE_LOOP_ANALYSIS = YES;
				CLANG_WARN_STRICT_PROTOTYPES = YES;
				CLANG_WARN_SUSPICIOUS_MOVE = YES;
				CLANG_WARN_UNGUARDED_AVAILABILITY = YES_AGGRESSIVE;
				CLANG_WARN_UNREACHABLE_CODE = YES;
				CLANG_WARN__DUPLICATE_METHOD_MATCH = YES;
				COPY_PHASE_STRIP = NO;
				DEBUG_INFORMATION_FORMAT = dwarf;
				ENABLE_STRICT_OBJC_MSGSEND = YES;
				ENABLE_TESTABILITY = YES;
				ENABLE_USER_SCRIPT_SANDBOXING = YES;
				GCC_C_LANGUAGE_STANDARD = gnu17;
				GCC_DYNAMIC_NO_PIC = NO;
				GCC_NO_COMMON_BLOCKS = YES;
				GCC_OPTIMIZATION_LEVEL = 0;
				GCC_PREPROCESSOR_DEFINITIONS = (
					"DEBUG=1",
					"$(inherited)",
				);
				GCC_WARN_64_TO_32_BIT_CONVERSION = YES;
				GCC_WARN_ABOUT_RETURN_TYPE = YES_ERROR;
				GCC_WARN_UNDECLARED_SELECTOR = YES;
				GCC_WARN_UNINITIALIZED_AUTOS = YES_AGGRESSIVE;
				GCC_WARN_UNUSED_FUNCTION = YES;
				GCC_WARN_UNUSED_VARIABLE = YES;
				IPHONEOS_DEPLOYMENT_TARGET = 18.5;
				LOCALIZATION_PREFERS_STRING_CATALOGS = YES;
				MTL_ENABLE_DEBUG_INFO = INCLUDE_SOURCE;
				MTL_FAST_MATH = YES;
				ONLY_ACTIVE_ARCH = YES;
				SDKROOT = iphoneos;
				SWIFT_ACTIVE_COMPILATION_CONDITIONS = "DEBUG $(inherited)";
				SWIFT_OPTIMIZATION_LEVEL = "-Onone";
			};
			name = Debug;
		};
		7ECD390D2EDC69FE001C1D26 /* Release */ = {
			isa = XCBuildConfiguration;
			buildSettings = {
				ALWAYS_SEARCH_USER_PATHS = NO;
				ASSETCATALOG_COMPILER_GENERATE_SWIFT_ASSET_SYMBOL_EXTENSIONS = YES;
				CLANG_ANALYZER_NONNULL = YES;
				CLANG_ANALYZER_NUMBER_OBJECT_CONVERSION = YES_AGGRESSIVE;
				CLANG_CXX_LANGUAGE_STANDARD = "gnu++20";
				CLANG_ENABLE_MODULES = YES;
				CLANG_ENABLE_OBJC_ARC = YES;
				CLANG_ENABLE_OBJC_WEAK = YES;
				CLANG_WARN_BLOCK_CAPTURE_AUTORELEASING = YES;
				CLANG_WARN_BOOL_CONVERSION = YES;
				CLANG_WARN_COMMA = YES;
				CLANG_WARN_CONSTANT_CONVERSION = YES;
				CLANG_WARN_DEPRECATED_OBJC_IMPLEMENTATIONS = YES;
				CLANG_WARN_DIRECT_OBJC_ISA_USAGE = YES_ERROR;
				CLANG_WARN_DOCUMENTATION_COMMENTS = YES;
				CLANG_WARN_EMPTY_BODY = YES;
				CLANG_WARN_ENUM_CONVERSION = YES;
				CLANG_WARN_INFINITE_RECURSION = YES;
				CLANG_WARN_INT_CONVERSION = YES;
				CLANG_WARN_NON_LITERAL_NULL_CONVERSION = YES;
				CLANG_WARN_OBJC_IMPLICIT_RETAIN_SELF = YES;
				CLANG_WARN_OBJC_LITERAL_CONVERSION = YES;
				CLANG_WARN_OBJC_ROOT_CLASS = YES_ERROR;
				CLANG_WARN_QUOTED_INCLUDE_IN_FRAMEWORK_HEADER = YES;
				CLANG_WARN_RANGE_LOOP_ANALYSIS = YES;
				CLANG_WARN_STRICT_PROTOTYPES = YES;
				CLANG_WARN_SUSPICIOUS_MOVE = YES;
				CLANG_WARN_UNGUARDED_AVAILABILITY = YES_AGGRESSIVE;
				CLANG_WARN_UNREACHABLE_CODE = YES;
				CLANG_WARN__DUPLICATE_METHOD_MATCH = YES;
				COPY_PHASE_STRIP = NO;
				DEBUG_INFORMATION_FORMAT = "dwarf-with-dsym";
				ENABLE_NS_ASSERTIONS = NO;
				ENABLE_STRICT_OBJC_MSGSEND = YES;
				ENABLE_USER_SCRIPT_SANDBOXING = YES;
				GCC_C_LANGUAGE_STANDARD = gnu17;
				GCC_NO_COMMON_BLOCKS = YES;
				GCC_WARN_64_TO_32_BIT_CONVERSION = YES;
				GCC_WARN_ABOUT_RETURN_TYPE = YES_ERROR;
				GCC_WARN_UNDECLARED_SELECTOR = YES;
				GCC_WARN_UNINITIALIZED_AUTOS = YES_AGGRESSIVE;
				GCC_WARN_UNUSED_FUNCTION = YES;
				GCC_WARN_UNUSED_VARIABLE = YES;
				IPHONEOS_DEPLOYMENT_TARGET = 18.5;
				LOCALIZATION_PREFERS_STRING_CATALOGS = YES;
				MTL_ENABLE_DEBUG_INFO = NO;
				MTL_FAST_MATH = YES;
				SDKROOT = iphoneos;
				SWIFT_COMPILATION_MODE = wholemodule;
				VALIDATE_PRODUCT = YES;
			};
			name = Release;
		};
		7ECD390F2EDC69FE001C1D26 /* Debug */ = {
			isa = XCBuildConfiguration;
			buildSettings = {
				ASSETCATALOG_COMPILER_APPICON_NAME = AppIcon;
				ASSETCATALOG_COMPILER_GLOBAL_ACCENT_COLOR_NAME = AccentColor;
				CODE_SIGN_STYLE = Automatic;
				CURRENT_PROJECT_VERSION = 1;
				ENABLE_PREVIEWS = YES;
				GENERATE_INFOPLIST_FILE = YES;
				INFOPLIST_KEY_UIApplicationSceneManifest_Generation = YES;
				INFOPLIST_KEY_UIApplicationSupportsIndirectInputEvents = YES;
				INFOPLIST_KEY_UILaunchScreen_Generation = YES;
				INFOPLIST_KEY_UISupportedInterfaceOrientations_iPad = "UIInterfaceOrientationPortrait UIInterfaceOrientationPortraitUpsideDown UIInterfaceOrientationLandscapeLeft UIInterfaceOrientationLandscapeRight";
				INFOPLIST_KEY_UISupportedInterfaceOrientations_iPhone = "UIInterfaceOrientationPortrait UIInterfaceOrientationLandscapeLeft UIInterfaceOrientationLandscapeRight";
				LD_RUNPATH_SEARCH_PATHS = (
					"$(inherited)",
					"@executable_path/Frameworks",
				);
				MARKETING_VERSION = 1.0;
				PRODUCT_BUNDLE_IDENTIFIER = "shaban.Xcode-Demo";
				PRODUCT_NAME = "$(TARGET_NAME)";
				SWIFT_EMIT_LOC_STRINGS = YES;
				SWIFT_VERSION = 5.0;
				TARGETED_DEVICE_FAMILY = "1,2";
			};
			name = Debug;
		};
		7ECD39102EDC69FE001C1D26 /* Release */ = {
			isa = XCBuildConfiguration;
			buildSettings = {
				ASSETCATALOG_COMPILER_APPICON_NAME = AppIcon;
				ASSETCATALOG_COMPILER_GLOBAL_ACCENT_COLOR_NAME = AccentColor;
				CODE_SIGN_STYLE = Automatic;
				CURRENT_PROJECT_VERSION = 1;
				ENABLE_PREVIEWS = YES;
				GENERATE_INFOPLIST_FILE = YES;
				INFOPLIST_KEY_UIApplicationSceneManifest_Generation = YES;
				INFOPLIST_KEY_UIApplicationSupportsIndirectInputEvents = YES;
				INFOPLIST_KEY_UILaunchScreen_Generation = YES;
				INFOPLIST_KEY_UISupportedInterfaceOrientations_iPad = "UIInterfaceOrientationPortrait UIInterfaceOrientationPortraitUpsideDown UIInterfaceOrientationLandscapeLeft UIInterfaceOrientationLandscapeRight";
				INFOPLIST_KEY_UISupportedInterfaceOrientations_iPhone = "UIInterfaceOrientationPortrait UIInterfaceOrientationLandscapeLeft UIInterfaceOrientationLandscapeRight";
				LD_RUNPATH_SEARCH_PATHS = (
					"$(inherited)",
					"@executable_path/Frameworks",
				);
				MARKETING_VERSION = 1.0;
				PRODUCT_BUNDLE_IDENTIFIER = "shaban.Xcode-Demo";
				PRODUCT_NAME = "$(TARGET_NAME)";
				SWIFT_EMIT_LOC_STRINGS = YES;
				SWIFT_VERSION = 5.0;
				TARGETED_DEVICE_FAMILY = "1,2";
			};
			name = Release;
		};
		7ECD39122EDC69FE001C1D26 /* Debug */ = {
			isa = XCBuildConfiguration;
			buildSettings = {
				BUNDLE_LOADER = "$(TEST_HOST)";
				CODE_SIGN_STYLE = Automatic;
				CURRENT_PROJECT_VERSION = 1;
				GENERATE_INFOPLIST_FILE = YES;
				IPHONEOS_DEPLOYMENT_TARGET = 18.5;
				MARKETING_VERSION = 1.0;
				PRODUCT_BUNDLE_IDENTIFIER = "shaban.Xcode-DemoTests";
				PRODUCT_NAME = "$(TARGET_NAME)";
				SWIFT_EMIT_LOC_STRINGS = NO;
				SWIFT_VERSION = 5.0;
				TARGETED_DEVICE_FAMILY = "1,2";
				TEST_HOST = "$(BUILT_PRODUCTS_DIR)/Xcode Demo.app/$(BUNDLE_EXECUTABLE_FOLDER_PATH)/Xcode Demo";
			};
			name = Debug;
		};
		7ECD39132EDC69FE001C1D26 /* Release */ = {
			isa = XCBuildConfiguration;
			buildSettings = {
				BUNDLE_LOADER = "$(TEST_HOST)";
				CODE_SIGN_STYLE = Automatic;
				CURRENT_PROJECT_VERSION = 1;
				GENERATE_INFOPLIST_FILE = YES;
				IPHONEOS_DEPLOYMENT_TARGET = 18.5;
				MARKETING_VERSION = 1.0;
				PRODUCT_BUNDLE_IDENTIFIER = "shaban.Xcode-DemoTests";
				PRODUCT_NAME = "$(TARGET_NAME)";
				SWIFT_EMIT_LOC_STRINGS = NO;
				SWIFT_VERSION = 5.0;
				TARGETED_DEVICE_FAMILY = "1,2";
				TEST_HOST = "$(BUILT_PRODUCTS_DIR)/Xcode Demo.app/$(BUNDLE_EXECUTABLE_FOLDER_PATH)/Xcode Demo";
			};
			name = Release;
		};
		7ECD39152EDC69FE001C1D26 /* Debug */ = {
			isa = XCBuildConfiguration;
			buildSettings = {
				CODE_SIGN_STYLE = Automatic;
				CURRENT_PROJECT_VERSION = 1;
				GENERATE_INFOPLIST_FILE = YES;
				MARKETING_VERSION = 1.0;
				PRODUCT_BUNDLE_IDENTIFIER = "shaban.Xcode-DemoUITests";
				PRODUCT_NAME = "$(TARGET_NAME)";
				SWIFT_EMIT_LOC_STRINGS = NO;
				SWIFT_VERSION = 5.0;
				TARGETED_DEVICE_FAMILY = "1,2";
				TEST_TARGET_NAME = "Xcode Demo";
			};
			name = Debug;
		};
		7ECD39162EDC69FE001C1D26 /* Release */ = {
			isa = XCBuildConfiguration;
			buildSettings = {
				CODE_SIGN_STYLE = Automatic;
				CURRENT_PROJECT_VERSION = 1;
				GENERATE_INFOPLIST_FILE = YES;
				MARKETING_VERSION = 1.0;
				PRODUCT_BUNDLE_IDENTIFIER = "shaban.Xcode-DemoUITests";
				PRODUCT_NAME = "$(TARGET_NAME)";
				SWIFT_EMIT_LOC_STRINGS = NO;
				SWIFT_VERSION = 5.0;
				TARGETED_DEVICE_FAMILY = "1,2";
				TEST_TARGET_NAME = "Xcode Demo";
			};
			name = Release;
		};
/* End XCBuildConfiguration section */

/* Begin XCConfigurationList section */
		7ECD38E82EDC69FC001C1D26 /* Build configuration list for PBXProject "Xcode Demo" */ = {
			isa = XCConfigurationList;
			buildConfigurations = (
				7ECD390C2EDC69FE001C1D26 /* Debug */,
				7ECD390D2EDC69FE001C1D26 /* Release */,
			);
			defaultConfigurationIsVisible = 0;
			defaultConfigurationName = Release;
		};
		7ECD390E2EDC69FE001C1D26 /* Build configuration list for PBXNativeTarget "Xcode Demo" */ = {
			isa = XCConfigurationList;
			buildConfigurations = (
				7ECD390F2EDC69FE001C1D26 /* Debug */,
				7ECD39102EDC69FE001C1D26 /* Release */,
			);
			defaultConfigurationIsVisible = 0;
			defaultConfigurationName = Release;
		};
		7ECD39112EDC69FE001C1D26 /* Build configuration list for PBXNativeTarget "Xcode DemoTests" */ = {
			isa = XCConfigurationList;
			buildConfigurations = (
				7ECD39122EDC69FE001C1D26 /* Debug */,
				7ECD39132EDC69FE001C1D26 /* Release */,
			);
			defaultConfigurationIsVisible = 0;
			defaultConfigurationName = Release;
		};
		7ECD39142EDC69FE001C1D26 /* Build configuration list for PBXNativeTarget "Xcode DemoUITests" */ = {
			isa = XCConfigurationList;
			buildConfigurations = (
				7ECD39152EDC69FE001C1D26 /* Debug */,
				7ECD39162EDC69FE001C1D26 /* Release */,
			);
			defaultConfigurationIsVisible = 0;
			defaultConfigurationName = Release;
		};
/* End XCConfigurationList section */
	};
	rootObject = 7ECD38E52EDC69FC001C1D26 /* Project object */;
}
